
Microsoft Visual Studio Solution File, Format Version 12.00
# Visual Studio 15
VisualStudioVersion = 15.0.28307.489
MinimumVisualStudioVersion = 10.0.40219.1
Project("{FAE04EC0-301F-11D3-BF4B-00C04F79EFBC}") = "net-core-graphql", "net-core-graphql\net-core-graphql.csproj", "{A134E0CF-6B66-4925-A062-2A6A9FE16465}"
EndProject
Project("{2150E333-8FDC-42A3-9474-1A3956D46DE8}") = "Solution Items", "Solution Items", "{E7B33E53-3648-4942-9C8F-CCF7887A6FBD}"
	ProjectSection(SolutionItems) = preProject
		readme.md = readme.md
	EndProjectSection
EndProject
Global
	GlobalSection(SolutionConfigurationPlatforms) = preSolution
		Debug|Any CPU = Debug|Any CPU
		Release|Any CPU = Release|Any CPU
	EndGlobalSection
	GlobalSection(ProjectConfigurationPlatforms) = postSolution
		{A134E0CF-6B66-4925-A062-2A6A9FE16465}.Debug|Any CPU.ActiveCfg = Debug|Any CPU
		{A134E0CF-6B66-4925-A062-2A6A9FE16465}.Debug|Any CPU.Build.0 = Debug|Any CPU
		{A134E0CF-6B66-4925-A062-2A6A9FE16465}.Release|Any CPU.ActiveCfg = Release|Any CPU
		{A134E0CF-6B66-4925-A062-2A6A9FE16465}.Release|Any CPU.Build.0 = Release|Any CPU
	EndGlobalSection
	GlobalSection(SolutionProperties) = preSolution
		HideSolutionNode = FALSE
	EndGlobalSection
	GlobalSection(ExtensibilityGlobals) = postSolution
		SolutionGuid = {744CFD8C-C0A1-4301-B1A8-A3CFDFBE9D27}
	EndGlobalSection
EndGlobal
